// !$*UTF8*$!
{
	archiveVersion = 1;
	classes = {
	};
	objectVersion = 48;
	objects = {

/* Begin PBXBuildFile section */
		330933572067EC10007136F6 /* Extensions.swift in Sources */ = {isa = PBXBuildFile; fileRef = 330933562067EC10007136F6 /* Extensions.swift */; };
		335C06352066C45000F313EF /* WebKit.framework in Frameworks */ = {isa = PBXBuildFile; fileRef = 335C06342066C44F00F313EF /* WebKit.framework */; };
		33801F3B2066BA3300DDBA86 /* AppDelegate.swift in Sources */ = {isa = PBXBuildFile; fileRef = 33801F3A2066BA3300DDBA86 /* AppDelegate.swift */; };
		33801F3D2066BA3300DDBA86 /* WebViewController.swift in Sources */ = {isa = PBXBuildFile; fileRef = 33801F3C2066BA3300DDBA86 /* WebViewController.swift */; };
		33801F402066BA3300DDBA86 /* Main.storyboard in Resources */ = {isa = PBXBuildFile; fileRef = 33801F3E2066BA3300DDBA86 /* Main.storyboard */; };
		33801F422066BA3300DDBA86 /* Assets.xcassets in Resources */ = {isa = PBXBuildFile; fileRef = 33801F412066BA3300DDBA86 /* Assets.xcassets */; };
		33801F452066BA3300DDBA86 /* LaunchScreen.storyboard in Resources */ = {isa = PBXBuildFile; fileRef = 33801F432066BA3300DDBA86 /* LaunchScreen.storyboard */; };
/* End PBXBuildFile section */

/* Begin PBXFileReference section */
		330933562067EC10007136F6 /* Extensions.swift */ = {isa = PBXFileReference; lastKnownFileType = sourcecode.swift; path = Extensions.swift; sourceTree = "<group>"; };
		335C06342066C44F00F313EF /* WebKit.framework */ = {isa = PBXFileReference; lastKnownFileType = wrapper.framework; name = WebKit.framework; path = System/Library/Frameworks/WebKit.framework; sourceTree = SDKROOT; };
		33801F372066BA3300DDBA86 /* WebBrowse.app */ = {isa = PBXFileReference; explicitFileType = wrapper.application; includeInIndex = 0; path = WebBrowse.app; sourceTree = BUILT_PRODUCTS_DIR; };
		33801F3A2066BA3300DDBA86 /* AppDelegate.swift */ = {isa = PBXFileReference; lastKnownFileType = sourcecode.swift; path = AppDelegate.swift; sourceTree = "<group>"; };
		33801F3C2066BA3300DDBA86 /* WebViewController.swift */ = {isa = PBXFileReference; lastKnownFileType = sourcecode.swift; path = WebViewController.swift; sourceTree = "<group>"; };
		33801F3F2066BA3300DDBA86 /* Base */ = {isa = PBXFileReference; lastKnownFileType = file.storyboard; name = Base; path = Base.lproj/Main.storyboard; sourceTree = "<group>"; };
		33801F412066BA3300DDBA86 /* Assets.xcassets */ = {isa = PBXFileReference; lastKnownFileType = folder.assetcatalog; path = Assets.xcassets; sourceTree = "<group>"; };
		33801F442066BA3300DDBA86 /* Base */ = {isa = PBXFileReference; lastKnownFileType = file.storyboard; name = Base; path = Base.lproj/LaunchScreen.storyboard; sourceTree = "<group>"; };
		33801F462066BA3300DDBA86 /* Info.plist */ = {isa = PBXFileReference; lastKnownFileType = text.plist.xml; path = Info.plist; sourceTree = "<group>"; };
/* End PBXFileReference section */

/* Begin PBXFrameworksBuildPhase section */
		33801F342066BA3300DDBA86 /* Frameworks */ = {
			isa = PBXFrameworksBuildPhase;
			buildActionMask = 2147483647;
			files = (
				335C06352066C45000F313EF /* WebKit.framework in Frameworks */,
			);
			runOnlyForDeploymentPostprocessing = 0;
		};
/* End PBXFrameworksBuildPhase section */

/* Begin PBXGroup section */
		335C06332066C44F00F313EF /* Frameworks */ = {
			isa = PBXGroup;
			children = (
				335C06342066C44F00F313EF /* WebKit.framework */,
			);
			name = Frameworks;
			sourceTree = "<group>";
		};
		33801F2E2066BA3300DDBA86 = {
			isa = PBXGroup;
			children = (
				33801F392066BA3300DDBA86 /* WebBrowse */,
				33801F382066BA3300DDBA86 /* Products */,
				335C06332066C44F00F313EF /* Frameworks */,
			);
			sourceTree = "<group>";
		};
		33801F382066BA3300DDBA86 /* Products */ = {
			isa = PBXGroup;
			children = (
				33801F372066BA3300DDBA86 /* WebBrowse.app */,
			);
			name = Products;
			sourceTree = "<group>";
		};
		33801F392066BA3300DDBA86 /* WebBrowse */ = {
			isa = PBXGroup;
			children = (
				33801F3A2066BA3300DDBA86 /* AppDelegate.swift */,
				33801F3C2066BA3300DDBA86 /* WebViewController.swift */,
				33801F3E2066BA3300DDBA86 /* Main.storyboard */,
				33801F412066BA3300DDBA86 /* Assets.xcassets */,
				33801F432066BA3300DDBA86 /* LaunchScreen.storyboard */,
				33801F462066BA3300DDBA86 /* Info.plist */,
				330933562067EC10007136F6 /* Extensions.swift */,
			);
			path = WebBrowse;
			sourceTree = "<group>";
		};
/* End PBXGroup section */

/* Begin PBXNativeTarget section */
		33801F362066BA3300DDBA86 /* WebBrowse */ = {
			isa = PBXNativeTarget;
			buildConfigurationList = 33801F492066BA3300DDBA86 /* Build configuration list for PBXNativeTarget "WebBrowse" */;
			buildPhases = (
				33801F332066BA3300DDBA86 /* Sources */,
				33801F342066BA3300DDBA86 /* Frameworks */,
				33801F352066BA3300DDBA86 /* Resources */,
			);
			buildRules = (
			);
			dependencies = (
			);
			name = WebBrowse;
			productName = WebBrowse;
			productReference = 33801F372066BA3300DDBA86 /* WebBrowse.app */;
			productType = "com.apple.product-type.application";
		};
/* End PBXNativeTarget section */

/* Begin PBXProject section */
		33801F2F2066BA3300DDBA86 /* Project object */ = {
			isa = PBXProject;
			attributes = {
				LastSwiftUpdateCheck = 0920;
				LastUpgradeCheck = 0920;
				ORGANIZATIONNAME = Packt;
				TargetAttributes = {
					33801F362066BA3300DDBA86 = {
						CreatedOnToolsVersion = 9.2;
						ProvisioningStyle = Automatic;
					};
				};
			};
			buildConfigurationList = 33801F322066BA3300DDBA86 /* Build configuration list for PBXProject "WebBrowse" */;
			compatibilityVersion = "Xcode 8.0";
			developmentRegion = en;
			hasScannedForEncodings = 0;
			knownRegions = (
				en,
				Base,
			);
			mainGroup = 33801F2E2066BA3300DDBA86;
			productRefGroup = 33801F382066BA3300DDBA86 /* Products */;
			projectDirPath = "";
			projectRoot = "";
			targets = (
				33801F362066BA3300DDBA86 /* WebBrowse */,
			);
		};
/* End PBXProject section */

/* Begin PBXResourcesBuildPhase section */
		33801F352066BA3300DDBA86 /* Resources */ = {
			isa = PBXResourcesBuildPhase;
			buildActionMask = 2147483647;
			files = (
				33801F452066BA3300DDBA86 /* LaunchScreen.storyboard in Resources */,
				33801F422066BA3300DDBA86 /* Assets.xcassets in Resources */,
				33801F402066BA3300DDBA86 /* Main.storyboard in Resources */,
			);
			runOnlyForDeploymentPostprocessing = 0;
		};
/* End PBXResourcesBuildPhase section */

/* Begin PBXSourcesBuildPhase section */
		33801F332066BA3300DDBA86 /* Sources */ = {
			isa = PBXSourcesBuildPhase;
			buildActionMask = 2147483647;
			files = (
				33801F3D2066BA3300DDBA86 /* WebViewController.swift in Sources */,
				330933572067EC10007136F6 /* Extensions.swift in Sources */,
				33801F3B2066BA3300DDBA86 /* AppDelegate.swift in Sources */,
			);
			runOnlyForDeploymentPostprocessing = 0;
		};
/* End PBXSourcesBuildPhase section */

/* Begin PBXVariantGroup section */
		33801F3E2066BA3300DDBA86 /* Main.storyboard */ = {
			isa = PBXVariantGroup;
			children = (
				33801F3F2066BA3300DDBA86 /* Base */,
			);
			name = Main.storyboard;
			sourceTree = "<group>";
		};
		33801F432066BA3300DDBA86 /* LaunchScreen.storyboard */ = {
			isa = PBXVariantGroup;
			children = (
				33801F442066BA3300DDBA86 /* Base */,
			);
			name = LaunchScreen.storyboard;
			sourceTree = "<group>";
		};
/* End PBXVariantGroup section */

/* Begin XCBuildConfiguration section */
		33801F472066BA3300DDBA86 /* Debug */ = {
			isa = XCBuildConfiguration;
			buildSettings = {
				ALWAYS_SEARCH_USER_PATHS = NO;
				CLANG_ANALYZER_NONNULL = YES;
				CLANG_ANALYZER_NUMBER_OBJECT_CONVERSION = YES_AGGRESSIVE;
				CLANG_CXX_LANGUAGE_STANDARD = "gnu++14";
				CLANG_CXX_LIBRARY = "libc++";
				CLANG_ENABLE_MODULES = YES;
				CLANG_ENABLE_OBJC_ARC = YES;
				CLANG_WARN_BLOCK_CAPTURE_AUTORELEASING = YES;
				CLANG_WARN_BOOL_CONVERSION = YES;
				CLANG_WARN_COMMA = YES;
				CLANG_WARN_CONSTANT_CONVERSION = YES;
				CLANG_WARN_DIRECT_OBJC_ISA_USAGE = YES_ERROR;
				CLANG_WARN_DOCUMENTATION_COMMENTS = YES;
				CLANG_WARN_EMPTY_BODY = YES;
				CLANG_WARN_ENUM_CONVERSION = YES;
				CLANG_WARN_INFINITE_RECURSION = YES;
				CLANG_WARN_INT_CONVERSION = YES;
				CLANG_WARN_NON_LITERAL_NULL_CONVERSION = YES;
				CLANG_WARN_OBJC_LITERAL_CONVERSION = YES;
				CLANG_WARN_OBJC_ROOT_CLASS = YES_ERROR;
				CLANG_WARN_RANGE_LOOP_ANALYSIS = YES;
				CLANG_WARN_STRICT_PROTOTYPES = YES;
				CLANG_WARN_SUSPICIOUS_MOVE = YES;
				CLANG_WARN_UNGUARDED_AVAILABILITY = YES_AGGRESSIVE;
				CLANG_WARN_UNREACHABLE_CODE = YES;
				CLANG_WARN__DUPLICATE_METHOD_MATCH = YES;
				CODE_SIGN_IDENTITY = "iPhone Developer";
				COPY_PHASE_STRIP = NO;
				DEBUG_INFORMATION_FORMAT = dwarf;
				ENABLE_STRICT_OBJC_MSGSEND = YES;
				ENABLE_TESTABILITY = YES;
				GCC_C_LANGUAGE_STANDARD = gnu11;
				GCC_DYNAMIC_NO_PIC = NO;
				GCC_NO_COMMON_BLOCKS = YES;
				GCC_OPTIMIZATION_LEVEL = 0;
				GCC_PREPROCESSOR_DEFINITIONS = (
					"DEBUG=1",
					"$(inherited)",
				);
				GCC_WARN_64_TO_32_BIT_CONVERSION = YES;
				GCC_WARN_ABOUT_RETURN_TYPE = YES_ERROR;
				GCC_WARN_UNDECLARED_SELECTOR = YES;
				GCC_WARN_UNINITIALIZED_AUTOS = YES_AGGRESSIVE;
				GCC_WARN_UNUSED_FUNCTION = YES;
				GCC_WARN_UNUSED_VARIABLE = YES;
				IPHONEOS_DEPLOYMENT_TARGET = 11.2;
				MTL_ENABLE_DEBUG_INFO = YES;
				ONLY_ACTIVE_ARCH = YES;
				SDKROOT = iphoneos;
				SWIFT_ACTIVE_COMPILATION_CONDITIONS = DEBUG;
				SWIFT_OPTIMIZATION_LEVEL = "-Onone";
			};
			name = Debug;
		};
		33801F482066BA3300DDBA86 /* Release */ = {
			isa = XCBuildConfiguration;
			buildSettings = {
				ALWAYS_SEARCH_USER_PATHS = NO;
				CLANG_ANALYZER_NONNULL = YES;
				CLANG_ANALYZER_NUMBER_OBJECT_CONVERSION = YES_AGGRESSIVE;
				CLANG_CXX_LANGUAGE_STANDARD = "gnu++14";
				CLANG_CXX_LIBRARY = "libc++";
				CLANG_ENABLE_MODULES = YES;
				CLANG_ENABLE_OBJC_ARC = YES;
				CLANG_WARN_BLOCK_CAPTURE_AUTORELEASING = YES;
				CLANG_WARN_BOOL_CONVERSION = YES;
				CLANG_WARN_COMMA = YES;
				CLANG_WARN_CONSTANT_CONVERSION = YES;
				CLANG_WARN_DIRECT_OBJC_ISA_USAGE = YES_ERROR;
				CLANG_WARN_DOCUMENTATION_COMMENTS = YES;
				CLANG_WARN_EMPTY_BODY = YES;
				CLANG_WARN_ENUM_CONVERSION = YES;
				CLANG_WARN_INFINITE_RECURSION = YES;
				CLANG_WARN_INT_CONVERSION = YES;
				CLANG_WARN_NON_LITERAL_NULL_CONVERSION = YES;
				CLANG_WARN_OBJC_LITERAL_CONVERSION = YES;
				CLANG_WARN_OBJC_ROOT_CLASS = YES_ERROR;
				CLANG_WARN_RANGE_LOOP_ANALYSIS = YES;
				CLANG_WARN_STRICT_PROTOTYPES = YES;
				CLANG_WARN_SUSPICIOUS_MOVE = YES;
				CLANG_WARN_UNGUARDED_AVAILABILITY = YES_AGGRESSIVE;
				CLANG_WARN_UNREACHABLE_CODE = YES;
				CLANG_WARN__DUPLICATE_METHOD_MATCH = YES;
				CODE_SIGN_IDENTITY = "iPhone Developer";
				COPY_PHASE_STRIP = NO;
				DEBUG_INFORMATION_FORMAT = "dwarf-with-dsym";
				ENABLE_NS_ASSERTIONS = NO;
				ENABLE_STRICT_OBJC_MSGSEND = YES;
				GCC_C_LANGUAGE_STANDARD = gnu11;
				GCC_NO_COMMON_BLOCKS = YES;
				GCC_WARN_64_TO_32_BIT_CONVERSION = YES;
				GCC_WARN_ABOUT_RETURN_TYPE = YES_ERROR;
				GCC_WARN_UNDECLARED_SELECTOR = YES;
				GCC_WARN_UNINITIALIZED_AUTOS = YES_AGGRESSIVE;
				GCC_WARN_UNUSED_FUNCTION = YES;
				GCC_WARN_UNUSED_VARIABLE = YES;
				IPHONEOS_DEPLOYMENT_TARGET = 11.2;
				MTL_ENABLE_DEBUG_INFO = NO;
				SDKROOT = iphoneos;
				SWIFT_OPTIMIZATION_LEVEL = "-Owholemodule";
				VALIDATE_PRODUCT = YES;
			};
			name = Release;
		};
		33801F4A2066BA3300DDBA86 /* Debug */ = {
			isa = XCBuildConfiguration;
			buildSettings = {
				ASSETCATALOG_COMPILER_APPICON_NAME = AppIcon;
				CODE_SIGN_STYLE = Automatic;
				INFOPLIST_FILE = WebBrowse/Info.plist;
				LD_RUNPATH_SEARCH_PATHS = "$(inherited) @executable_path/Frameworks";
				PRODUCT_BUNDLE_IDENTIFIER = com.packt.WebBrowse;
				PRODUCT_NAME = "$(TARGET_NAME)";
				SWIFT_VERSION = 4.0;
				TARGETED_DEVICE_FAMILY = "1,2";
			};
			name = Debug;
		};
		33801F4B2066BA3300DDBA86 /* Release */ = {
			isa = XCBuildConfiguration;
			buildSettings = {
				ASSETCATALOG_COMPILER_APPICON_NAME = AppIcon;
				CODE_SIGN_STYLE = Automatic;
				INFOPLIST_FILE = WebBrowse/Info.plist;
				LD_RUNPATH_SEARCH_PATHS = "$(inherited) @executable_path/Frameworks";
				PRODUCT_BUNDLE_IDENTIFIER = com.packt.WebBrowse;
				PRODUCT_NAME = "$(TARGET_NAME)";
				SWIFT_VERSION = 4.0;
				TARGETED_DEVICE_FAMILY = "1,2";
			};
			name = Release;
		};
/* End XCBuildConfiguration section */

/* Begin XCConfigurationList section */
		33801F322066BA3300DDBA86 /* Build configuration list for PBXProject "WebBrowse" */ = {
			isa = XCConfigurationList;
			buildConfigurations = (
				33801F472066BA3300DDBA86 /* Debug */,
				33801F482066BA3300DDBA86 /* Release */,
			);
			defaultConfigurationIsVisible = 0;
			defaultConfigurationName = Release;
		};
		33801F492066BA3300DDBA86 /* Build configuration list for PBXNativeTarget "WebBrowse" */ = {
			isa = XCConfigurationList;
			buildConfigurations = (
				33801F4A2066BA3300DDBA86 /* Debug */,
				33801F4B2066BA3300DDBA86 /* Release */,
			);
			defaultConfigurationIsVisible = 0;
			defaultConfigurationName = Release;
		};
/* End XCConfigurationList section */
	};
	rootObject = 33801F2F2066BA3300DDBA86 /* Project object */;
}
