// !$*UTF8*$!
{
	archiveVersion = 1;
	classes = {
	};
	objectVersion = 50;
	objects = {

/* Begin PBXBuildFile section */
		3307D7FC2071084A00A74891 /* Note.swift in Sources */ = {isa = PBXBuildFile; fileRef = 3307D7FB2071084A00A74891 /* Note.swift */; };
		3307D8042071213300A74891 /* NotesDataSource.swift in Sources */ = {isa = PBXBuildFile; fileRef = 3307D8032071213300A74891 /* NotesDataSource.swift */; };
		3307D8122072270B00A74891 /* SplitViewController.swift in Sources */ = {isa = PBXBuildFile; fileRef = 3307D8112072270B00A74891 /* SplitViewController.swift */; };
		338EA7CB2071051300759C50 /* AppDelegate.swift in Sources */ = {isa = PBXBuildFile; fileRef = 338EA7CA2071051300759C50 /* AppDelegate.swift */; };
		338EA7CD2071051300759C50 /* MasterViewController.swift in Sources */ = {isa = PBXBuildFile; fileRef = 338EA7CC2071051300759C50 /* MasterViewController.swift */; };
		338EA7CF2071051300759C50 /* DetailViewController.swift in Sources */ = {isa = PBXBuildFile; fileRef = 338EA7CE2071051300759C50 /* DetailViewController.swift */; };
		338EA7D22071051300759C50 /* Main.storyboard in Resources */ = {isa = PBXBuildFile; fileRef = 338EA7D02071051300759C50 /* Main.storyboard */; };
		338EA7D42071051400759C50 /* Assets.xcassets in Resources */ = {isa = PBXBuildFile; fileRef = 338EA7D32071051400759C50 /* Assets.xcassets */; };
		338EA7D72071051400759C50 /* LaunchScreen.storyboard in Resources */ = {isa = PBXBuildFile; fileRef = 338EA7D52071051400759C50 /* LaunchScreen.storyboard */; };
/* End PBXBuildFile section */

/* Begin PBXFileReference section */
		3307D7FB2071084A00A74891 /* Note.swift */ = {isa = PBXFileReference; lastKnownFileType = sourcecode.swift; path = Note.swift; sourceTree = "<group>"; };
		3307D8032071213300A74891 /* NotesDataSource.swift */ = {isa = PBXFileReference; lastKnownFileType = sourcecode.swift; path = NotesDataSource.swift; sourceTree = "<group>"; };
		3307D8112072270B00A74891 /* SplitViewController.swift */ = {isa = PBXFileReference; lastKnownFileType = sourcecode.swift; path = SplitViewController.swift; sourceTree = "<group>"; };
		338EA7C72071051300759C50 /* Noted.app */ = {isa = PBXFileReference; explicitFileType = wrapper.application; includeInIndex = 0; path = Noted.app; sourceTree = BUILT_PRODUCTS_DIR; };
		338EA7CA2071051300759C50 /* AppDelegate.swift */ = {isa = PBXFileReference; lastKnownFileType = sourcecode.swift; path = AppDelegate.swift; sourceTree = "<group>"; };
		338EA7CC2071051300759C50 /* MasterViewController.swift */ = {isa = PBXFileReference; lastKnownFileType = sourcecode.swift; path = MasterViewController.swift; sourceTree = "<group>"; };
		338EA7CE2071051300759C50 /* DetailViewController.swift */ = {isa = PBXFileReference; lastKnownFileType = sourcecode.swift; path = DetailViewController.swift; sourceTree = "<group>"; };
		338EA7D12071051300759C50 /* Base */ = {isa = PBXFileReference; lastKnownFileType = file.storyboard; name = Base; path = Base.lproj/Main.storyboard; sourceTree = "<group>"; };
		338EA7D32071051400759C50 /* Assets.xcassets */ = {isa = PBXFileReference; lastKnownFileType = folder.assetcatalog; path = Assets.xcassets; sourceTree = "<group>"; };
		338EA7D62071051400759C50 /* Base */ = {isa = PBXFileReference; lastKnownFileType = file.storyboard; name = Base; path = Base.lproj/LaunchScreen.storyboard; sourceTree = "<group>"; };
		338EA7D82071051400759C50 /* Info.plist */ = {isa = PBXFileReference; lastKnownFileType = text.plist.xml; path = Info.plist; sourceTree = "<group>"; };
/* End PBXFileReference section */

/* Begin PBXFrameworksBuildPhase section */
		338EA7C42071051300759C50 /* Frameworks */ = {
			isa = PBXFrameworksBuildPhase;
			buildActionMask = 2147483647;
			files = (
			);
			runOnlyForDeploymentPostprocessing = 0;
		};
/* End PBXFrameworksBuildPhase section */

/* Begin PBXGroup section */
		338EA7BE2071051300759C50 = {
			isa = PBXGroup;
			children = (
				338EA7C92071051300759C50 /* Noted */,
				338EA7C82071051300759C50 /* Products */,
			);
			sourceTree = "<group>";
		};
		338EA7C82071051300759C50 /* Products */ = {
			isa = PBXGroup;
			children = (
				338EA7C72071051300759C50 /* Noted.app */,
			);
			name = Products;
			sourceTree = "<group>";
		};
		338EA7C92071051300759C50 /* Noted */ = {
			isa = PBXGroup;
			children = (
				338EA7CA2071051300759C50 /* AppDelegate.swift */,
				338EA7CC2071051300759C50 /* MasterViewController.swift */,
				338EA7CE2071051300759C50 /* DetailViewController.swift */,
				338EA7D02071051300759C50 /* Main.storyboard */,
				338EA7D32071051400759C50 /* Assets.xcassets */,
				338EA7D52071051400759C50 /* LaunchScreen.storyboard */,
				338EA7D82071051400759C50 /* Info.plist */,
				3307D7FB2071084A00A74891 /* Note.swift */,
				3307D8032071213300A74891 /* NotesDataSource.swift */,
				3307D8112072270B00A74891 /* SplitViewController.swift */,
			);
			path = Noted;
			sourceTree = "<group>";
		};
/* End PBXGroup section */

/* Begin PBXNativeTarget section */
		338EA7C62071051300759C50 /* Noted */ = {
			isa = PBXNativeTarget;
			buildConfigurationList = 338EA7DB2071051400759C50 /* Build configuration list for PBXNativeTarget "Noted" */;
			buildPhases = (
				338EA7C32071051300759C50 /* Sources */,
				338EA7C42071051300759C50 /* Frameworks */,
				338EA7C52071051300759C50 /* Resources */,
			);
			buildRules = (
			);
			dependencies = (
			);
			name = Noted;
			productName = Noted;
			productReference = 338EA7C72071051300759C50 /* Noted.app */;
			productType = "com.apple.product-type.application";
		};
/* End PBXNativeTarget section */

/* Begin PBXProject section */
		338EA7BF2071051300759C50 /* Project object */ = {
			isa = PBXProject;
			attributes = {
				LastSwiftUpdateCheck = 0930;
				LastUpgradeCheck = 0930;
				ORGANIZATIONNAME = Packt;
				TargetAttributes = {
					338EA7C62071051300759C50 = {
						CreatedOnToolsVersion = 9.3;
					};
				};
			};
			buildConfigurationList = 338EA7C22071051300759C50 /* Build configuration list for PBXProject "Noted" */;
			compatibilityVersion = "Xcode 9.3";
			developmentRegion = en;
			hasScannedForEncodings = 0;
			knownRegions = (
				en,
				Base,
			);
			mainGroup = 338EA7BE2071051300759C50;
			productRefGroup = 338EA7C82071051300759C50 /* Products */;
			projectDirPath = "";
			projectRoot = "";
			targets = (
				338EA7C62071051300759C50 /* Noted */,
			);
		};
/* End PBXProject section */

/* Begin PBXResourcesBuildPhase section */
		338EA7C52071051300759C50 /* Resources */ = {
			isa = PBXResourcesBuildPhase;
			buildActionMask = 2147483647;
			files = (
				338EA7D72071051400759C50 /* LaunchScreen.storyboard in Resources */,
				338EA7D42071051400759C50 /* Assets.xcassets in Resources */,
				338EA7D22071051300759C50 /* Main.storyboard in Resources */,
			);
			runOnlyForDeploymentPostprocessing = 0;
		};
/* End PBXResourcesBuildPhase section */

/* Begin PBXSourcesBuildPhase section */
		338EA7C32071051300759C50 /* Sources */ = {
			isa = PBXSourcesBuildPhase;
			buildActionMask = 2147483647;
			files = (
				338EA7CF2071051300759C50 /* DetailViewController.swift in Sources */,
				338EA7CD2071051300759C50 /* MasterViewController.swift in Sources */,
				338EA7CB2071051300759C50 /* AppDelegate.swift in Sources */,
				3307D7FC2071084A00A74891 /* Note.swift in Sources */,
				3307D8042071213300A74891 /* NotesDataSource.swift in Sources */,
				3307D8122072270B00A74891 /* SplitViewController.swift in Sources */,
			);
			runOnlyForDeploymentPostprocessing = 0;
		};
/* End PBXSourcesBuildPhase section */

/* Begin PBXVariantGroup section */
		338EA7D02071051300759C50 /* Main.storyboard */ = {
			isa = PBXVariantGroup;
			children = (
				338EA7D12071051300759C50 /* Base */,
			);
			name = Main.storyboard;
			sourceTree = "<group>";
		};
		338EA7D52071051400759C50 /* LaunchScreen.storyboard */ = {
			isa = PBXVariantGroup;
			children = (
				338EA7D62071051400759C50 /* Base */,
			);
			name = LaunchScreen.storyboard;
			sourceTree = "<group>";
		};
/* End PBXVariantGroup section */

/* Begin XCBuildConfiguration section */
		338EA7D92071051400759C50 /* Debug */ = {
			isa = XCBuildConfiguration;
			buildSettings = {
				ALWAYS_SEARCH_USER_PATHS = NO;
				CLANG_ANALYZER_NONNULL = YES;
				CLANG_ANALYZER_NUMBER_OBJECT_CONVERSION = YES_AGGRESSIVE;
				CLANG_CXX_LANGUAGE_STANDARD = "gnu++14";
				CLANG_CXX_LIBRARY = "libc++";
				CLANG_ENABLE_MODULES = YES;
				CLANG_ENABLE_OBJC_ARC = YES;
				CLANG_ENABLE_OBJC_WEAK = YES;
				CLANG_WARN_BLOCK_CAPTURE_AUTORELEASING = YES;
				CLANG_WARN_BOOL_CONVERSION = YES;
				CLANG_WARN_COMMA = YES;
				CLANG_WARN_CONSTANT_CONVERSION = YES;
				CLANG_WARN_DEPRECATED_OBJC_IMPLEMENTATIONS = YES;
				CLANG_WARN_DIRECT_OBJC_ISA_USAGE = YES_ERROR;
				CLANG_WARN_DOCUMENTATION_COMMENTS = YES;
				CLANG_WARN_EMPTY_BODY = YES;
				CLANG_WARN_ENUM_CONVERSION = YES;
				CLANG_WARN_INFINITE_RECURSION = YES;
				CLANG_WARN_INT_CONVERSION = YES;
				CLANG_WARN_NON_LITERAL_NULL_CONVERSION = YES;
				CLANG_WARN_OBJC_IMPLICIT_RETAIN_SELF = YES;
				CLANG_WARN_OBJC_LITERAL_CONVERSION = YES;
				CLANG_WARN_OBJC_ROOT_CLASS = YES_ERROR;
				CLANG_WARN_RANGE_LOOP_ANALYSIS = YES;
				CLANG_WARN_STRICT_PROTOTYPES = YES;
				CLANG_WARN_SUSPICIOUS_MOVE = YES;
				CLANG_WARN_UNGUARDED_AVAILABILITY = YES_AGGRESSIVE;
				CLANG_WARN_UNREACHABLE_CODE = YES;
				CLANG_WARN__DUPLICATE_METHOD_MATCH = YES;
				CODE_SIGN_IDENTITY = "iPhone Developer";
				COPY_PHASE_STRIP = NO;
				DEBUG_INFORMATION_FORMAT = dwarf;
				ENABLE_STRICT_OBJC_MSGSEND = YES;
				ENABLE_TESTABILITY = YES;
				GCC_C_LANGUAGE_STANDARD = gnu11;
				GCC_DYNAMIC_NO_PIC = NO;
				GCC_NO_COMMON_BLOCKS = YES;
				GCC_OPTIMIZATION_LEVEL = 0;
				GCC_PREPROCESSOR_DEFINITIONS = (
					"DEBUG=1",
					"$(inherited)",
				);
				GCC_WARN_64_TO_32_BIT_CONVERSION = YES;
				GCC_WARN_ABOUT_RETURN_TYPE = YES_ERROR;
				GCC_WARN_UNDECLARED_SELECTOR = YES;
				GCC_WARN_UNINITIALIZED_AUTOS = YES_AGGRESSIVE;
				GCC_WARN_UNUSED_FUNCTION = YES;
				GCC_WARN_UNUSED_VARIABLE = YES;
				IPHONEOS_DEPLOYMENT_TARGET = 11.3;
				MTL_ENABLE_DEBUG_INFO = YES;
				ONLY_ACTIVE_ARCH = YES;
				SDKROOT = iphoneos;
				SWIFT_ACTIVE_COMPILATION_CONDITIONS = DEBUG;
				SWIFT_OPTIMIZATION_LEVEL = "-Onone";
			};
			name = Debug;
		};
		338EA7DA2071051400759C50 /* Release */ = {
			isa = XCBuildConfiguration;
			buildSettings = {
				ALWAYS_SEARCH_USER_PATHS = NO;
				CLANG_ANALYZER_NONNULL = YES;
				CLANG_ANALYZER_NUMBER_OBJECT_CONVERSION = YES_AGGRESSIVE;
				CLANG_CXX_LANGUAGE_STANDARD = "gnu++14";
				CLANG_CXX_LIBRARY = "libc++";
				CLANG_ENABLE_MODULES = YES;
				CLANG_ENABLE_OBJC_ARC = YES;
				CLANG_ENABLE_OBJC_WEAK = YES;
				CLANG_WARN_BLOCK_CAPTURE_AUTORELEASING = YES;
				CLANG_WARN_BOOL_CONVERSION = YES;
				CLANG_WARN_COMMA = YES;
				CLANG_WARN_CONSTANT_CONVERSION = YES;
				CLANG_WARN_DEPRECATED_OBJC_IMPLEMENTATIONS = YES;
				CLANG_WARN_DIRECT_OBJC_ISA_USAGE = YES_ERROR;
				CLANG_WARN_DOCUMENTATION_COMMENTS = YES;
				CLANG_WARN_EMPTY_BODY = YES;
				CLANG_WARN_ENUM_CONVERSION = YES;
				CLANG_WARN_INFINITE_RECURSION = YES;
				CLANG_WARN_INT_CONVERSION = YES;
				CLANG_WARN_NON_LITERAL_NULL_CONVERSION = YES;
				CLANG_WARN_OBJC_IMPLICIT_RETAIN_SELF = YES;
				CLANG_WARN_OBJC_LITERAL_CONVERSION = YES;
				CLANG_WARN_OBJC_ROOT_CLASS = YES_ERROR;
				CLANG_WARN_RANGE_LOOP_ANALYSIS = YES;
				CLANG_WARN_STRICT_PROTOTYPES = YES;
				CLANG_WARN_SUSPICIOUS_MOVE = YES;
				CLANG_WARN_UNGUARDED_AVAILABILITY = YES_AGGRESSIVE;
				CLANG_WARN_UNREACHABLE_CODE = YES;
				CLANG_WARN__DUPLICATE_METHOD_MATCH = YES;
				CODE_SIGN_IDENTITY = "iPhone Developer";
				COPY_PHASE_STRIP = NO;
				DEBUG_INFORMATION_FORMAT = "dwarf-with-dsym";
				ENABLE_NS_ASSERTIONS = NO;
				ENABLE_STRICT_OBJC_MSGSEND = YES;
				GCC_C_LANGUAGE_STANDARD = gnu11;
				GCC_NO_COMMON_BLOCKS = YES;
				GCC_WARN_64_TO_32_BIT_CONVERSION = YES;
				GCC_WARN_ABOUT_RETURN_TYPE = YES_ERROR;
				GCC_WARN_UNDECLARED_SELECTOR = YES;
				GCC_WARN_UNINITIALIZED_AUTOS = YES_AGGRESSIVE;
				GCC_WARN_UNUSED_FUNCTION = YES;
				GCC_WARN_UNUSED_VARIABLE = YES;
				IPHONEOS_DEPLOYMENT_TARGET = 11.3;
				MTL_ENABLE_DEBUG_INFO = NO;
				SDKROOT = iphoneos;
				SWIFT_COMPILATION_MODE = wholemodule;
				SWIFT_OPTIMIZATION_LEVEL = "-O";
				VALIDATE_PRODUCT = YES;
			};
			name = Release;
		};
		338EA7DC2071051400759C50 /* Debug */ = {
			isa = XCBuildConfiguration;
			buildSettings = {
				ASSETCATALOG_COMPILER_APPICON_NAME = AppIcon;
				CODE_SIGN_STYLE = Automatic;
				INFOPLIST_FILE = Noted/Info.plist;
				LD_RUNPATH_SEARCH_PATHS = (
					"$(inherited)",
					"@executable_path/Frameworks",
				);
				PRODUCT_BUNDLE_IDENTIFIER = com.packt.Noted;
				PRODUCT_NAME = "$(TARGET_NAME)";
				SWIFT_VERSION = 4.0;
				TARGETED_DEVICE_FAMILY = "1,2";
			};
			name = Debug;
		};
		338EA7DD2071051400759C50 /* Release */ = {
			isa = XCBuildConfiguration;
			buildSettings = {
				ASSETCATALOG_COMPILER_APPICON_NAME = AppIcon;
				CODE_SIGN_STYLE = Automatic;
				INFOPLIST_FILE = Noted/Info.plist;
				LD_RUNPATH_SEARCH_PATHS = (
					"$(inherited)",
					"@executable_path/Frameworks",
				);
				PRODUCT_BUNDLE_IDENTIFIER = com.packt.Noted;
				PRODUCT_NAME = "$(TARGET_NAME)";
				SWIFT_VERSION = 4.0;
				TARGETED_DEVICE_FAMILY = "1,2";
			};
			name = Release;
		};
/* End XCBuildConfiguration section */

/* Begin XCConfigurationList section */
		338EA7C22071051300759C50 /* Build configuration list for PBXProject "Noted" */ = {
			isa = XCConfigurationList;
			buildConfigurations = (
				338EA7D92071051400759C50 /* Debug */,
				338EA7DA2071051400759C50 /* Release */,
			);
			defaultConfigurationIsVisible = 0;
			defaultConfigurationName = Release;
		};
		338EA7DB2071051400759C50 /* Build configuration list for PBXNativeTarget "Noted" */ = {
			isa = XCConfigurationList;
			buildConfigurations = (
				338EA7DC2071051400759C50 /* Debug */,
				338EA7DD2071051400759C50 /* Release */,
			);
			defaultConfigurationIsVisible = 0;
			defaultConfigurationName = Release;
		};
/* End XCConfigurationList section */
	};
	rootObject = 338EA7BF2071051300759C50 /* Project object */;
}
